
Microsoft Visual Studio Solution File, Format Version 12.00
# Visual Studio 15
VisualStudioVersion = 15.0.28307.1300
MinimumVisualStudioVersion = 10.0.40219.1
Project("{159641D6-6404-4A2A-AE62-294DE0FE8301}") = "feriavirtual-ssis", "feriavirtual-ssis.dtproj", "{6728A01A-B8B0-40D7-A609-50234ECF152B}"
EndProject
Global
	GlobalSection(SolutionConfigurationPlatforms) = preSolution
		Development|Default = Development|Default
	EndGlobalSection
	GlobalSection(ProjectConfigurationPlatforms) = postSolution
		{6728A01A-B8B0-40D7-A609-50234ECF152B}.Development|Default.ActiveCfg = Development
		{6728A01A-B8B0-40D7-A609-50234ECF152B}.Development|Default.Build.0 = Development
	EndGlobalSection
	GlobalSection(SolutionProperties) = preSolution
		HideSolutionNode = FALSE
	EndGlobalSection
	GlobalSection(ExtensibilityGlobals) = postSolution
		SolutionGuid = {1B3DA082-F2C0-47DC-BC00-C9FE6B1A6306}
	EndGlobalSection
EndGlobal
